
Microsoft Visual Studio Solution File, Format Version 12.00
# Visual Studio Version 16
VisualStudioVersion = 16.0.29306.81
MinimumVisualStudioVersion = 10.0.40219.1
Project("{888888A0-9F3D-457C-B088-3A5042F75D52}") = "MgstrWrk", "MgstrWrk\MgstrWrk.pyproj", "{42E0FC3D-CA6D-46F7-9EAE-C33E507BDDD8}"
EndProject
Global
	GlobalSection(SolutionConfigurationPlatforms) = preSolution
		Debug|Any CPU = Debug|Any CPU
		Release|Any CPU = Release|Any CPU
	EndGlobalSection
	GlobalSection(ProjectConfigurationPlatforms) = postSolution
		{42E0FC3D-CA6D-46F7-9EAE-C33E507BDDD8}.Debug|Any CPU.ActiveCfg = Debug|Any CPU
		{42E0FC3D-CA6D-46F7-9EAE-C33E507BDDD8}.Debug|Any CPU.Build.0 = Debug|Any CPU
		{42E0FC3D-CA6D-46F7-9EAE-C33E507BDDD8}.Release|Any CPU.ActiveCfg = Release|Any CPU
		{42E0FC3D-CA6D-46F7-9EAE-C33E507BDDD8}.Release|Any CPU.Build.0 = Release|Any CPU
	EndGlobalSection
	GlobalSection(SolutionProperties) = preSolution
		HideSolutionNode = FALSE
	EndGlobalSection
	GlobalSection(ExtensibilityGlobals) = postSolution
		SolutionGuid = {0EC0147C-1761-44F5-A71A-433591C55505}
	EndGlobalSection
EndGlobal
